
Microsoft Visual Studio Solution File, Format Version 12.00
# Visual Studio Version 16
VisualStudioVersion = 16.0.31321.278
MinimumVisualStudioVersion = 10.0.40219.1
Project("{FAE04EC0-301F-11D3-BF4B-00C04F79EFBC}") = "ConsolCommListener", "ConsolCommListener\ConsolCommListener.csproj", "{F77F4FA2-A76A-425A-BCED-D88A28E935B6}"
EndProject
Global
	GlobalSection(SolutionConfigurationPlatforms) = preSolution
		Debug|Any CPU = Debug|Any CPU
		Release|Any CPU = Release|Any CPU
	EndGlobalSection
	GlobalSection(ProjectConfigurationPlatforms) = postSolution
		{F77F4FA2-A76A-425A-BCED-D88A28E935B6}.Debug|Any CPU.ActiveCfg = Debug|Any CPU
		{F77F4FA2-A76A-425A-BCED-D88A28E935B6}.Debug|Any CPU.Build.0 = Debug|Any CPU
		{F77F4FA2-A76A-425A-BCED-D88A28E935B6}.Release|Any CPU.ActiveCfg = Release|Any CPU
		{F77F4FA2-A76A-425A-BCED-D88A28E935B6}.Release|Any CPU.Build.0 = Release|Any CPU
	EndGlobalSection
	GlobalSection(SolutionProperties) = preSolution
		HideSolutionNode = FALSE
	EndGlobalSection
	GlobalSection(ExtensibilityGlobals) = postSolution
		SolutionGuid = {ADE17493-D766-41D4-9E00-2F87DA8AEDAF}
	EndGlobalSection
EndGlobal
